// !$*UTF8*$!
{
	archiveVersion = 1;
	classes = {
	};
	objectVersion = 51;
	objects = {

/* Begin PBXBuildFile section */
		53A3349B295EB5426423DDF2 /* Pods_PursuitGram_PursuitGramUITests.framework in Frameworks */ = {isa = PBXBuildFile; fileRef = DDCA57D12E42BDD671DC9672 /* Pods_PursuitGram_PursuitGramUITests.framework */; };
		8BA5081C70F0D64669F0EECF /* Pods_PursuitGram.framework in Frameworks */ = {isa = PBXBuildFile; fileRef = 5FE99A5E3D3B6FABA212DDCA /* Pods_PursuitGram.framework */; };
		9B663C8592D1FCD4210FE3BD /* Pods_PursuitGramTests.framework in Frameworks */ = {isa = PBXBuildFile; fileRef = ECB135BBC194FA3D534A4275 /* Pods_PursuitGramTests.framework */; };
		CB365B6A238D6463002EDA77 /* AppDelegate.swift in Sources */ = {isa = PBXBuildFile; fileRef = CB365B69238D6463002EDA77 /* AppDelegate.swift */; };
		CB365B6C238D6463002EDA77 /* SceneDelegate.swift in Sources */ = {isa = PBXBuildFile; fileRef = CB365B6B238D6463002EDA77 /* SceneDelegate.swift */; };
		CB365B6E238D6463002EDA77 /* LoginViewController.swift in Sources */ = {isa = PBXBuildFile; fileRef = CB365B6D238D6463002EDA77 /* LoginViewController.swift */; };
		CB365B71238D6463002EDA77 /* Main.storyboard in Resources */ = {isa = PBXBuildFile; fileRef = CB365B6F238D6463002EDA77 /* Main.storyboard */; };
		CB365B74238D6463002EDA77 /* PursuitGram.xcdatamodeld in Sources */ = {isa = PBXBuildFile; fileRef = CB365B72238D6463002EDA77 /* PursuitGram.xcdatamodeld */; };
		CB365B76238D6464002EDA77 /* Assets.xcassets in Resources */ = {isa = PBXBuildFile; fileRef = CB365B75238D6464002EDA77 /* Assets.xcassets */; };
		CB365B79238D6464002EDA77 /* LaunchScreen.storyboard in Resources */ = {isa = PBXBuildFile; fileRef = CB365B77238D6464002EDA77 /* LaunchScreen.storyboard */; };
		CB365B84238D6465002EDA77 /* PursuitGramTests.swift in Sources */ = {isa = PBXBuildFile; fileRef = CB365B83238D6465002EDA77 /* PursuitGramTests.swift */; };
		CB365B8F238D6465002EDA77 /* PursuitGramUITests.swift in Sources */ = {isa = PBXBuildFile; fileRef = CB365B8E238D6465002EDA77 /* PursuitGramUITests.swift */; };
		CB9BEE6E2392D50B0044D04A /* ImageHelper.swift in Sources */ = {isa = PBXBuildFile; fileRef = CB9BEE6D2392D50B0044D04A /* ImageHelper.swift */; };
		CB9BEE702392D52A0044D04A /* AppError.swift in Sources */ = {isa = PBXBuildFile; fileRef = CB9BEE6F2392D52A0044D04A /* AppError.swift */; };
		CBB29574238F081300949C32 /* SignUpViewController.swift in Sources */ = {isa = PBXBuildFile; fileRef = CBB29573238F081300949C32 /* SignUpViewController.swift */; };
		CBB29577238F092600949C32 /* FirebaseAuthService.swift in Sources */ = {isa = PBXBuildFile; fileRef = CBB29576238F092600949C32 /* FirebaseAuthService.swift */; };
		CBB29579238F094100949C32 /* FirebaseService.swift in Sources */ = {isa = PBXBuildFile; fileRef = CBB29578238F094100949C32 /* FirebaseService.swift */; };
		CBB2957C238F097800949C32 /* AppUser.swift in Sources */ = {isa = PBXBuildFile; fileRef = CBB2957B238F097800949C32 /* AppUser.swift */; };
		CBB2957E238F09A600949C32 /* Posts.swift in Sources */ = {isa = PBXBuildFile; fileRef = CBB2957D238F09A600949C32 /* Posts.swift */; };
		CBB29580238F0A7400949C32 /* Extensions.swift in Sources */ = {isa = PBXBuildFile; fileRef = CBB2957F238F0A7400949C32 /* Extensions.swift */; };
		CBB29582238F0ABD00949C32 /* CellIdentifier.swift in Sources */ = {isa = PBXBuildFile; fileRef = CBB29581238F0ABD00949C32 /* CellIdentifier.swift */; };
		CBB80520238F0E1B000B3AA3 /* AllPostsViewController.swift in Sources */ = {isa = PBXBuildFile; fileRef = CBB8051F238F0E1B000B3AA3 /* AllPostsViewController.swift */; };
		CBB80522238F0E28000B3AA3 /* UserProfileViewController.swift in Sources */ = {isa = PBXBuildFile; fileRef = CBB80521238F0E28000B3AA3 /* UserProfileViewController.swift */; };
		CBB80524238F0E87000B3AA3 /* PostCell.swift in Sources */ = {isa = PBXBuildFile; fileRef = CBB80523238F0E87000B3AA3 /* PostCell.swift */; };
		CBB80526238F0FB9000B3AA3 /* CreatePostVC.swift in Sources */ = {isa = PBXBuildFile; fileRef = CBB80525238F0FB9000B3AA3 /* CreatePostVC.swift */; };
		CBD6B0A82394C240002F85CD /* ImageDVC.swift in Sources */ = {isa = PBXBuildFile; fileRef = CBD6B0A72394C240002F85CD /* ImageDVC.swift */; };
		CBF2548D238F121100E989A7 /* GoogleService-Info.plist in Resources */ = {isa = PBXBuildFile; fileRef = CBF2548C238F121100E989A7 /* GoogleService-Info.plist */; };
		CBF2548F238F14E700E989A7 /* PursuitGramTabBarVC.swift in Sources */ = {isa = PBXBuildFile; fileRef = CBF2548E238F14E700E989A7 /* PursuitGramTabBarVC.swift */; };
		CBF9267C23930F2700B77629 /* UIImageViewExtension.swift in Sources */ = {isa = PBXBuildFile; fileRef = CBF9267B23930F2700B77629 /* UIImageViewExtension.swift */; };
		CBF9267E239310BD00B77629 /* FirebaseStorageSerivce.swift in Sources */ = {isa = PBXBuildFile; fileRef = CBF9267D239310BD00B77629 /* FirebaseStorageSerivce.swift */; };
		CBF926802393221200B77629 /* UserCell.swift in Sources */ = {isa = PBXBuildFile; fileRef = CBF9267F2393221200B77629 /* UserCell.swift */; };
		CBF926822393299700B77629 /* EditUserVC.swift in Sources */ = {isa = PBXBuildFile; fileRef = CBF926812393299700B77629 /* EditUserVC.swift */; };
/* End PBXBuildFile section */

/* Begin PBXContainerItemProxy section */
		CB365B80238D6465002EDA77 /* PBXContainerItemProxy */ = {
			isa = PBXContainerItemProxy;
			containerPortal = CB365B5E238D6463002EDA77 /* Project object */;
			proxyType = 1;
			remoteGlobalIDString = CB365B65238D6463002EDA77;
			remoteInfo = PursuitGram;
		};
		CB365B8B238D6465002EDA77 /* PBXContainerItemProxy */ = {
			isa = PBXContainerItemProxy;
			containerPortal = CB365B5E238D6463002EDA77 /* Project object */;
			proxyType = 1;
			remoteGlobalIDString = CB365B65238D6463002EDA77;
			remoteInfo = PursuitGram;
		};
/* End PBXContainerItemProxy section */

/* Begin PBXFileReference section */
		2DB51D4FAEFDDC182F1118E5 /* Pods-PursuitGram-PursuitGramUITests.debug.xcconfig */ = {isa = PBXFileReference; includeInIndex = 1; lastKnownFileType = text.xcconfig; name = "Pods-PursuitGram-PursuitGramUITests.debug.xcconfig"; path = "Target Support Files/Pods-PursuitGram-PursuitGramUITests/Pods-PursuitGram-PursuitGramUITests.debug.xcconfig"; sourceTree = "<group>"; };
		572226DB0DF0F3880A155E67 /* Pods-PursuitGram.debug.xcconfig */ = {isa = PBXFileReference; includeInIndex = 1; lastKnownFileType = text.xcconfig; name = "Pods-PursuitGram.debug.xcconfig"; path = "Target Support Files/Pods-PursuitGram/Pods-PursuitGram.debug.xcconfig"; sourceTree = "<group>"; };
		5FE99A5E3D3B6FABA212DDCA /* Pods_PursuitGram.framework */ = {isa = PBXFileReference; explicitFileType = wrapper.framework; includeInIndex = 0; path = Pods_PursuitGram.framework; sourceTree = BUILT_PRODUCTS_DIR; };
		8620490E686625FF43B4AAD4 /* Pods-PursuitGram-PursuitGramUITests.release.xcconfig */ = {isa = PBXFileReference; includeInIndex = 1; lastKnownFileType = text.xcconfig; name = "Pods-PursuitGram-PursuitGramUITests.release.xcconfig"; path = "Target Support Files/Pods-PursuitGram-PursuitGramUITests/Pods-PursuitGram-PursuitGramUITests.release.xcconfig"; sourceTree = "<group>"; };
		9B0CE30ABC1F36209F0412C6 /* Pods-PursuitGramTests.debug.xcconfig */ = {isa = PBXFileReference; includeInIndex = 1; lastKnownFileType = text.xcconfig; name = "Pods-PursuitGramTests.debug.xcconfig"; path = "Target Support Files/Pods-PursuitGramTests/Pods-PursuitGramTests.debug.xcconfig"; sourceTree = "<group>"; };
		CB365B66238D6463002EDA77 /* PursuitGram.app */ = {isa = PBXFileReference; explicitFileType = wrapper.application; includeInIndex = 0; path = PursuitGram.app; sourceTree = BUILT_PRODUCTS_DIR; };
		CB365B69238D6463002EDA77 /* AppDelegate.swift */ = {isa = PBXFileReference; lastKnownFileType = sourcecode.swift; path = AppDelegate.swift; sourceTree = "<group>"; };
		CB365B6B238D6463002EDA77 /* SceneDelegate.swift */ = {isa = PBXFileReference; lastKnownFileType = sourcecode.swift; path = SceneDelegate.swift; sourceTree = "<group>"; };
		CB365B6D238D6463002EDA77 /* LoginViewController.swift */ = {isa = PBXFileReference; lastKnownFileType = sourcecode.swift; path = LoginViewController.swift; sourceTree = "<group>"; };
		CB365B70238D6463002EDA77 /* Base */ = {isa = PBXFileReference; lastKnownFileType = file.storyboard; name = Base; path = Base.lproj/Main.storyboard; sourceTree = "<group>"; };
		CB365B73238D6463002EDA77 /* PursuitGram.xcdatamodel */ = {isa = PBXFileReference; lastKnownFileType = wrapper.xcdatamodel; path = PursuitGram.xcdatamodel; sourceTree = "<group>"; };
		CB365B75238D6464002EDA77 /* Assets.xcassets */ = {isa = PBXFileReference; lastKnownFileType = folder.assetcatalog; path = Assets.xcassets; sourceTree = "<group>"; };
		CB365B78238D6464002EDA77 /* Base */ = {isa = PBXFileReference; lastKnownFileType = file.storyboard; name = Base; path = Base.lproj/LaunchScreen.storyboard; sourceTree = "<group>"; };
		CB365B7A238D6464002EDA77 /* Info.plist */ = {isa = PBXFileReference; lastKnownFileType = text.plist.xml; path = Info.plist; sourceTree = "<group>"; };
		CB365B7F238D6465002EDA77 /* PursuitGramTests.xctest */ = {isa = PBXFileReference; explicitFileType = wrapper.cfbundle; includeInIndex = 0; path = PursuitGramTests.xctest; sourceTree = BUILT_PRODUCTS_DIR; };
		CB365B83238D6465002EDA77 /* PursuitGramTests.swift */ = {isa = PBXFileReference; lastKnownFileType = sourcecode.swift; path = PursuitGramTests.swift; sourceTree = "<group>"; };
		CB365B85238D6465002EDA77 /* Info.plist */ = {isa = PBXFileReference; lastKnownFileType = text.plist.xml; path = Info.plist; sourceTree = "<group>"; };
		CB365B8A238D6465002EDA77 /* PursuitGramUITests.xctest */ = {isa = PBXFileReference; explicitFileType = wrapper.cfbundle; includeInIndex = 0; path = PursuitGramUITests.xctest; sourceTree = BUILT_PRODUCTS_DIR; };
		CB365B8E238D6465002EDA77 /* PursuitGramUITests.swift */ = {isa = PBXFileReference; lastKnownFileType = sourcecode.swift; path = PursuitGramUITests.swift; sourceTree = "<group>"; };
		CB365B90238D6465002EDA77 /* Info.plist */ = {isa = PBXFileReference; lastKnownFileType = text.plist.xml; path = Info.plist; sourceTree = "<group>"; };
		CB9BEE6D2392D50B0044D04A /* ImageHelper.swift */ = {isa = PBXFileReference; lastKnownFileType = sourcecode.swift; path = ImageHelper.swift; sourceTree = "<group>"; };
		CB9BEE6F2392D52A0044D04A /* AppError.swift */ = {isa = PBXFileReference; lastKnownFileType = sourcecode.swift; path = AppError.swift; sourceTree = "<group>"; };
		CBB29573238F081300949C32 /* SignUpViewController.swift */ = {isa = PBXFileReference; lastKnownFileType = sourcecode.swift; path = SignUpViewController.swift; sourceTree = "<group>"; };
		CBB29576238F092600949C32 /* FirebaseAuthService.swift */ = {isa = PBXFileReference; lastKnownFileType = sourcecode.swift; path = FirebaseAuthService.swift; sourceTree = "<group>"; };
		CBB29578238F094100949C32 /* FirebaseService.swift */ = {isa = PBXFileReference; lastKnownFileType = sourcecode.swift; path = FirebaseService.swift; sourceTree = "<group>"; };
		CBB2957B238F097800949C32 /* AppUser.swift */ = {isa = PBXFileReference; lastKnownFileType = sourcecode.swift; path = AppUser.swift; sourceTree = "<group>"; };
		CBB2957D238F09A600949C32 /* Posts.swift */ = {isa = PBXFileReference; lastKnownFileType = sourcecode.swift; path = Posts.swift; sourceTree = "<group>"; };
		CBB2957F238F0A7400949C32 /* Extensions.swift */ = {isa = PBXFileReference; lastKnownFileType = sourcecode.swift; path = Extensions.swift; sourceTree = "<group>"; };
		CBB29581238F0ABD00949C32 /* CellIdentifier.swift */ = {isa = PBXFileReference; lastKnownFileType = sourcecode.swift; path = CellIdentifier.swift; sourceTree = "<group>"; };
		CBB8051F238F0E1B000B3AA3 /* AllPostsViewController.swift */ = {isa = PBXFileReference; lastKnownFileType = sourcecode.swift; path = AllPostsViewController.swift; sourceTree = "<group>"; };
		CBB80521238F0E28000B3AA3 /* UserProfileViewController.swift */ = {isa = PBXFileReference; lastKnownFileType = sourcecode.swift; path = UserProfileViewController.swift; sourceTree = "<group>"; };
		CBB80523238F0E87000B3AA3 /* PostCell.swift */ = {isa = PBXFileReference; lastKnownFileType = sourcecode.swift; path = PostCell.swift; sourceTree = "<group>"; };
		CBB80525238F0FB9000B3AA3 /* CreatePostVC.swift */ = {isa = PBXFileReference; lastKnownFileType = sourcecode.swift; path = CreatePostVC.swift; sourceTree = "<group>"; };
		CBD6B0A72394C240002F85CD /* ImageDVC.swift */ = {isa = PBXFileReference; lastKnownFileType = sourcecode.swift; path = ImageDVC.swift; sourceTree = "<group>"; };
		CBF2548C238F121100E989A7 /* GoogleService-Info.plist */ = {isa = PBXFileReference; fileEncoding = 4; lastKnownFileType = text.plist.xml; path = "GoogleService-Info.plist"; sourceTree = "<group>"; };
		CBF2548E238F14E700E989A7 /* PursuitGramTabBarVC.swift */ = {isa = PBXFileReference; lastKnownFileType = sourcecode.swift; path = PursuitGramTabBarVC.swift; sourceTree = "<group>"; };
		CBF9267B23930F2700B77629 /* UIImageViewExtension.swift */ = {isa = PBXFileReference; lastKnownFileType = sourcecode.swift; path = UIImageViewExtension.swift; sourceTree = "<group>"; };
		CBF9267D239310BD00B77629 /* FirebaseStorageSerivce.swift */ = {isa = PBXFileReference; lastKnownFileType = sourcecode.swift; path = FirebaseStorageSerivce.swift; sourceTree = "<group>"; };
		CBF9267F2393221200B77629 /* UserCell.swift */ = {isa = PBXFileReference; lastKnownFileType = sourcecode.swift; path = UserCell.swift; sourceTree = "<group>"; };
		CBF926812393299700B77629 /* EditUserVC.swift */ = {isa = PBXFileReference; lastKnownFileType = sourcecode.swift; path = EditUserVC.swift; sourceTree = "<group>"; };
		D6B8E3794EA0C4F0AA4E3A77 /* Pods-PursuitGramTests.release.xcconfig */ = {isa = PBXFileReference; includeInIndex = 1; lastKnownFileType = text.xcconfig; name = "Pods-PursuitGramTests.release.xcconfig"; path = "Target Support Files/Pods-PursuitGramTests/Pods-PursuitGramTests.release.xcconfig"; sourceTree = "<group>"; };
		DDCA57D12E42BDD671DC9672 /* Pods_PursuitGram_PursuitGramUITests.framework */ = {isa = PBXFileReference; explicitFileType = wrapper.framework; includeInIndex = 0; path = Pods_PursuitGram_PursuitGramUITests.framework; sourceTree = BUILT_PRODUCTS_DIR; };
		ECB135BBC194FA3D534A4275 /* Pods_PursuitGramTests.framework */ = {isa = PBXFileReference; explicitFileType = wrapper.framework; includeInIndex = 0; path = Pods_PursuitGramTests.framework; sourceTree = BUILT_PRODUCTS_DIR; };
		EE16F206F842C96B84704779 /* Pods-PursuitGram.release.xcconfig */ = {isa = PBXFileReference; includeInIndex = 1; lastKnownFileType = text.xcconfig; name = "Pods-PursuitGram.release.xcconfig"; path = "Target Support Files/Pods-PursuitGram/Pods-PursuitGram.release.xcconfig"; sourceTree = "<group>"; };
/* End PBXFileReference section */

/* Begin PBXFrameworksBuildPhase section */
		CB365B63238D6463002EDA77 /* Frameworks */ = {
			isa = PBXFrameworksBuildPhase;
			buildActionMask = 2147483647;
			files = (
				8BA5081C70F0D64669F0EECF /* Pods_PursuitGram.framework in Frameworks */,
			);
			runOnlyForDeploymentPostprocessing = 0;
		};
		CB365B7C238D6465002EDA77 /* Frameworks */ = {
			isa = PBXFrameworksBuildPhase;
			buildActionMask = 2147483647;
			files = (
				9B663C8592D1FCD4210FE3BD /* Pods_PursuitGramTests.framework in Frameworks */,
			);
			runOnlyForDeploymentPostprocessing = 0;
		};
		CB365B87238D6465002EDA77 /* Frameworks */ = {
			isa = PBXFrameworksBuildPhase;
			buildActionMask = 2147483647;
			files = (
				53A3349B295EB5426423DDF2 /* Pods_PursuitGram_PursuitGramUITests.framework in Frameworks */,
			);
			runOnlyForDeploymentPostprocessing = 0;
		};
/* End PBXFrameworksBuildPhase section */

/* Begin PBXGroup section */
		314E643FE53EB76D6F81550E /* Pods */ = {
			isa = PBXGroup;
			children = (
				572226DB0DF0F3880A155E67 /* Pods-PursuitGram.debug.xcconfig */,
				EE16F206F842C96B84704779 /* Pods-PursuitGram.release.xcconfig */,
				2DB51D4FAEFDDC182F1118E5 /* Pods-PursuitGram-PursuitGramUITests.debug.xcconfig */,
				8620490E686625FF43B4AAD4 /* Pods-PursuitGram-PursuitGramUITests.release.xcconfig */,
				9B0CE30ABC1F36209F0412C6 /* Pods-PursuitGramTests.debug.xcconfig */,
				D6B8E3794EA0C4F0AA4E3A77 /* Pods-PursuitGramTests.release.xcconfig */,
			);
			path = Pods;
			sourceTree = "<group>";
		};
		C3A7473860C1E6BDBF0950D8 /* Frameworks */ = {
			isa = PBXGroup;
			children = (
				5FE99A5E3D3B6FABA212DDCA /* Pods_PursuitGram.framework */,
				DDCA57D12E42BDD671DC9672 /* Pods_PursuitGram_PursuitGramUITests.framework */,
				ECB135BBC194FA3D534A4275 /* Pods_PursuitGramTests.framework */,
			);
			name = Frameworks;
			sourceTree = "<group>";
		};
		CB365B5D238D6463002EDA77 = {
			isa = PBXGroup;
			children = (
				CB365B68238D6463002EDA77 /* PursuitGram */,
				CB365B82238D6465002EDA77 /* PursuitGramTests */,
				CB365B8D238D6465002EDA77 /* PursuitGramUITests */,
				CB365B67238D6463002EDA77 /* Products */,
				314E643FE53EB76D6F81550E /* Pods */,
				C3A7473860C1E6BDBF0950D8 /* Frameworks */,
			);
			sourceTree = "<group>";
		};
		CB365B67238D6463002EDA77 /* Products */ = {
			isa = PBXGroup;
			children = (
				CB365B66238D6463002EDA77 /* PursuitGram.app */,
				CB365B7F238D6465002EDA77 /* PursuitGramTests.xctest */,
				CB365B8A238D6465002EDA77 /* PursuitGramUITests.xctest */,
			);
			name = Products;
			sourceTree = "<group>";
		};
		CB365B68238D6463002EDA77 /* PursuitGram */ = {
			isa = PBXGroup;
			children = (
				CBB2957A238F096600949C32 /* Models */,
				CBB29575238F08F800949C32 /* Utilities */,
				CBB29572238F06A700949C32 /* Cells */,
				CBB29570238F069600949C32 /* VCs */,
				CB365B69238D6463002EDA77 /* AppDelegate.swift */,
				CB365B6B238D6463002EDA77 /* SceneDelegate.swift */,
				CB365B6F238D6463002EDA77 /* Main.storyboard */,
				CB365B75238D6464002EDA77 /* Assets.xcassets */,
				CB365B77238D6464002EDA77 /* LaunchScreen.storyboard */,
				CB365B7A238D6464002EDA77 /* Info.plist */,
				CBF2548C238F121100E989A7 /* GoogleService-Info.plist */,
				CB365B72238D6463002EDA77 /* PursuitGram.xcdatamodeld */,
			);
			path = PursuitGram;
			sourceTree = "<group>";
		};
		CB365B82238D6465002EDA77 /* PursuitGramTests */ = {
			isa = PBXGroup;
			children = (
				CB365B83238D6465002EDA77 /* PursuitGramTests.swift */,
				CB365B85238D6465002EDA77 /* Info.plist */,
			);
			path = PursuitGramTests;
			sourceTree = "<group>";
		};
		CB365B8D238D6465002EDA77 /* PursuitGramUITests */ = {
			isa = PBXGroup;
			children = (
				CB365B8E238D6465002EDA77 /* PursuitGramUITests.swift */,
				CB365B90238D6465002EDA77 /* Info.plist */,
			);
			path = PursuitGramUITests;
			sourceTree = "<group>";
		};
		CB9BEE712392D59E0044D04A /* Firebase */ = {
			isa = PBXGroup;
			children = (
				CBB29576238F092600949C32 /* FirebaseAuthService.swift */,
				CBB29578238F094100949C32 /* FirebaseService.swift */,
				CBF9267D239310BD00B77629 /* FirebaseStorageSerivce.swift */,
			);
			path = Firebase;
			sourceTree = "<group>";
		};
		CB9BEE722392D5AC0044D04A /* Extensions */ = {
			isa = PBXGroup;
			children = (
				CBB2957F238F0A7400949C32 /* Extensions.swift */,
			);
			path = Extensions;
			sourceTree = "<group>";
		};
		CB9BEE732392D5B20044D04A /* NetworkHelpers */ = {
			isa = PBXGroup;
			children = (
				CB9BEE6F2392D52A0044D04A /* AppError.swift */,
				CB9BEE6D2392D50B0044D04A /* ImageHelper.swift */,
				CBF9267B23930F2700B77629 /* UIImageViewExtension.swift */,
			);
			path = NetworkHelpers;
			sourceTree = "<group>";
		};
		CB9BEE742392D5E90044D04A /* Navigation */ = {
			isa = PBXGroup;
			children = (
				CBF2548E238F14E700E989A7 /* PursuitGramTabBarVC.swift */,
				CBD6B0A72394C240002F85CD /* ImageDVC.swift */,
			);
			path = Navigation;
			sourceTree = "<group>";
		};
		CB9BEE752392D5F60044D04A /* Posts */ = {
			isa = PBXGroup;
			children = (
				CBB80525238F0FB9000B3AA3 /* CreatePostVC.swift */,
				CBB8051F238F0E1B000B3AA3 /* AllPostsViewController.swift */,
				CBB80521238F0E28000B3AA3 /* UserProfileViewController.swift */,
			);
			path = Posts;
			sourceTree = "<group>";
		};
		CBB29570238F069600949C32 /* VCs */ = {
			isa = PBXGroup;
			children = (
				CB9BEE752392D5F60044D04A /* Posts */,
				CB9BEE742392D5E90044D04A /* Navigation */,
				CBB8051D238F0DF9000B3AA3 /* Authentication */,
			);
			path = VCs;
			sourceTree = "<group>";
		};
		CBB29572238F06A700949C32 /* Cells */ = {
			isa = PBXGroup;
			children = (
				CBB29581238F0ABD00949C32 /* CellIdentifier.swift */,
				CBB80523238F0E87000B3AA3 /* PostCell.swift */,
				CBF9267F2393221200B77629 /* UserCell.swift */,
			);
			path = Cells;
			sourceTree = "<group>";
		};
		CBB29575238F08F800949C32 /* Utilities */ = {
			isa = PBXGroup;
			children = (
				CB9BEE732392D5B20044D04A /* NetworkHelpers */,
				CB9BEE722392D5AC0044D04A /* Extensions */,
				CB9BEE712392D59E0044D04A /* Firebase */,
			);
			path = Utilities;
			sourceTree = "<group>";
		};
		CBB2957A238F096600949C32 /* Models */ = {
			isa = PBXGroup;
			children = (
				CBB2957B238F097800949C32 /* AppUser.swift */,
				CBB2957D238F09A600949C32 /* Posts.swift */,
			);
			path = Models;
			sourceTree = "<group>";
		};
		CBB8051D238F0DF9000B3AA3 /* Authentication */ = {
			isa = PBXGroup;
			children = (
				CB365B6D238D6463002EDA77 /* LoginViewController.swift */,
				CBB29573238F081300949C32 /* SignUpViewController.swift */,
				CBF926812393299700B77629 /* EditUserVC.swift */,
			);
			path = Authentication;
			sourceTree = "<group>";
		};
/* End PBXGroup section */

/* Begin PBXNativeTarget section */
		CB365B65238D6463002EDA77 /* PursuitGram */ = {
			isa = PBXNativeTarget;
			buildConfigurationList = CB365B93238D6465002EDA77 /* Build configuration list for PBXNativeTarget "PursuitGram" */;
			buildPhases = (
				F93F30D841A77C7676B020BF /* [CP] Check Pods Manifest.lock */,
				CB365B62238D6463002EDA77 /* Sources */,
				CB365B63238D6463002EDA77 /* Frameworks */,
				CB365B64238D6463002EDA77 /* Resources */,
				B5831D4A352A07B1B999D979 /* [CP] Embed Pods Frameworks */,
			);
			buildRules = (
			);
			dependencies = (
			);
			name = PursuitGram;
			productName = PursuitGram;
			productReference = CB365B66238D6463002EDA77 /* PursuitGram.app */;
			productType = "com.apple.product-type.application";
		};
		CB365B7E238D6465002EDA77 /* PursuitGramTests */ = {
			isa = PBXNativeTarget;
			buildConfigurationList = CB365B96238D6465002EDA77 /* Build configuration list for PBXNativeTarget "PursuitGramTests" */;
			buildPhases = (
				5FD0DBFF14AE734A5C9728BA /* [CP] Check Pods Manifest.lock */,
				CB365B7B238D6465002EDA77 /* Sources */,
				CB365B7C238D6465002EDA77 /* Frameworks */,
				CB365B7D238D6465002EDA77 /* Resources */,
			);
			buildRules = (
			);
			dependencies = (
				CB365B81238D6465002EDA77 /* PBXTargetDependency */,
			);
			name = PursuitGramTests;
			productName = PursuitGramTests;
			productReference = CB365B7F238D6465002EDA77 /* PursuitGramTests.xctest */;
			productType = "com.apple.product-type.bundle.unit-test";
		};
		CB365B89238D6465002EDA77 /* PursuitGramUITests */ = {
			isa = PBXNativeTarget;
			buildConfigurationList = CB365B99238D6465002EDA77 /* Build configuration list for PBXNativeTarget "PursuitGramUITests" */;
			buildPhases = (
				ED6622CD62425A83B06BC955 /* [CP] Check Pods Manifest.lock */,
				CB365B86238D6465002EDA77 /* Sources */,
				CB365B87238D6465002EDA77 /* Frameworks */,
				CB365B88238D6465002EDA77 /* Resources */,
				DCE1A616539D794262DFBAC8 /* [CP] Embed Pods Frameworks */,
			);
			buildRules = (
			);
			dependencies = (
				CB365B8C238D6465002EDA77 /* PBXTargetDependency */,
			);
			name = PursuitGramUITests;
			productName = PursuitGramUITests;
			productReference = CB365B8A238D6465002EDA77 /* PursuitGramUITests.xctest */;
			productType = "com.apple.product-type.bundle.ui-testing";
		};
/* End PBXNativeTarget section */

/* Begin PBXProject section */
		CB365B5E238D6463002EDA77 /* Project object */ = {
			isa = PBXProject;
			attributes = {
				LastSwiftUpdateCheck = 1110;
				LastUpgradeCheck = 1110;
				ORGANIZATIONNAME = God;
				TargetAttributes = {
					CB365B65238D6463002EDA77 = {
						CreatedOnToolsVersion = 11.1;
					};
					CB365B7E238D6465002EDA77 = {
						CreatedOnToolsVersion = 11.1;
						TestTargetID = CB365B65238D6463002EDA77;
					};
					CB365B89238D6465002EDA77 = {
						CreatedOnToolsVersion = 11.1;
						TestTargetID = CB365B65238D6463002EDA77;
					};
				};
			};
			buildConfigurationList = CB365B61238D6463002EDA77 /* Build configuration list for PBXProject "PursuitGram" */;
			compatibilityVersion = "Xcode 9.3";
			developmentRegion = en;
			hasScannedForEncodings = 0;
			knownRegions = (
				en,
				Base,
			);
			mainGroup = CB365B5D238D6463002EDA77;
			productRefGroup = CB365B67238D6463002EDA77 /* Products */;
			projectDirPath = "";
			projectRoot = "";
			targets = (
				CB365B65238D6463002EDA77 /* PursuitGram */,
				CB365B7E238D6465002EDA77 /* PursuitGramTests */,
				CB365B89238D6465002EDA77 /* PursuitGramUITests */,
			);
		};
/* End PBXProject section */

/* Begin PBXResourcesBuildPhase section */
		CB365B64238D6463002EDA77 /* Resources */ = {
			isa = PBXResourcesBuildPhase;
			buildActionMask = 2147483647;
			files = (
				CB365B79238D6464002EDA77 /* LaunchScreen.storyboard in Resources */,
				CBF2548D238F121100E989A7 /* GoogleService-Info.plist in Resources */,
				CB365B76238D6464002EDA77 /* Assets.xcassets in Resources */,
				CB365B71238D6463002EDA77 /* Main.storyboard in Resources */,
			);
			runOnlyForDeploymentPostprocessing = 0;
		};
		CB365B7D238D6465002EDA77 /* Resources */ = {
			isa = PBXResourcesBuildPhase;
			buildActionMask = 2147483647;
			files = (
			);
			runOnlyForDeploymentPostprocessing = 0;
		};
		CB365B88238D6465002EDA77 /* Resources */ = {
			isa = PBXResourcesBuildPhase;
			buildActionMask = 2147483647;
			files = (
			);
			runOnlyForDeploymentPostprocessing = 0;
		};
/* End PBXResourcesBuildPhase section */

/* Begin PBXShellScriptBuildPhase section */
		5FD0DBFF14AE734A5C9728BA /* [CP] Check Pods Manifest.lock */ = {
			isa = PBXShellScriptBuildPhase;
			buildActionMask = 2147483647;
			files = (
			);
			inputFileListPaths = (
			);
			inputPaths = (
				"${PODS_PODFILE_DIR_PATH}/Podfile.lock",
				"${PODS_ROOT}/Manifest.lock",
			);
			name = "[CP] Check Pods Manifest.lock";
			outputFileListPaths = (
			);
			outputPaths = (
				"$(DERIVED_FILE_DIR)/Pods-PursuitGramTests-checkManifestLockResult.txt",
			);
			runOnlyForDeploymentPostprocessing = 0;
			shellPath = /bin/sh;
			shellScript = "diff \"${PODS_PODFILE_DIR_PATH}/Podfile.lock\" \"${PODS_ROOT}/Manifest.lock\" > /dev/null\nif [ $? != 0 ] ; then\n    # print error to STDERR\n    echo \"error: The sandbox is not in sync with the Podfile.lock. Run 'pod install' or update your CocoaPods installation.\" >&2\n    exit 1\nfi\n# This output is used by Xcode 'outputs' to avoid re-running this script phase.\necho \"SUCCESS\" > \"${SCRIPT_OUTPUT_FILE_0}\"\n";
			showEnvVarsInLog = 0;
		};
		B5831D4A352A07B1B999D979 /* [CP] Embed Pods Frameworks */ = {
			isa = PBXShellScriptBuildPhase;
			buildActionMask = 2147483647;
			files = (
			);
			inputFileListPaths = (
				"${PODS_ROOT}/Target Support Files/Pods-PursuitGram/Pods-PursuitGram-frameworks-${CONFIGURATION}-input-files.xcfilelist",
			);
			name = "[CP] Embed Pods Frameworks";
			outputFileListPaths = (
				"${PODS_ROOT}/Target Support Files/Pods-PursuitGram/Pods-PursuitGram-frameworks-${CONFIGURATION}-output-files.xcfilelist",
			);
			runOnlyForDeploymentPostprocessing = 0;
			shellPath = /bin/sh;
			shellScript = "\"${PODS_ROOT}/Target Support Files/Pods-PursuitGram/Pods-PursuitGram-frameworks.sh\"\n";
			showEnvVarsInLog = 0;
		};
		DCE1A616539D794262DFBAC8 /* [CP] Embed Pods Frameworks */ = {
			isa = PBXShellScriptBuildPhase;
			buildActionMask = 2147483647;
			files = (
			);
			inputFileListPaths = (
				"${PODS_ROOT}/Target Support Files/Pods-PursuitGram-PursuitGramUITests/Pods-PursuitGram-PursuitGramUITests-frameworks-${CONFIGURATION}-input-files.xcfilelist",
			);
			name = "[CP] Embed Pods Frameworks";
			outputFileListPaths = (
				"${PODS_ROOT}/Target Support Files/Pods-PursuitGram-PursuitGramUITests/Pods-PursuitGram-PursuitGramUITests-frameworks-${CONFIGURATION}-output-files.xcfilelist",
			);
			runOnlyForDeploymentPostprocessing = 0;
			shellPath = /bin/sh;
			shellScript = "\"${PODS_ROOT}/Target Support Files/Pods-PursuitGram-PursuitGramUITests/Pods-PursuitGram-PursuitGramUITests-frameworks.sh\"\n";
			showEnvVarsInLog = 0;
		};
		ED6622CD62425A83B06BC955 /* [CP] Check Pods Manifest.lock */ = {
			isa = PBXShellScriptBuildPhase;
			buildActionMask = 2147483647;
			files = (
			);
			inputFileListPaths = (
			);
			inputPaths = (
				"${PODS_PODFILE_DIR_PATH}/Podfile.lock",
				"${PODS_ROOT}/Manifest.lock",
			);
			name = "[CP] Check Pods Manifest.lock";
			outputFileListPaths = (
			);
			outputPaths = (
				"$(DERIVED_FILE_DIR)/Pods-PursuitGram-PursuitGramUITests-checkManifestLockResult.txt",
			);
			runOnlyForDeploymentPostprocessing = 0;
			shellPath = /bin/sh;
			shellScript = "diff \"${PODS_PODFILE_DIR_PATH}/Podfile.lock\" \"${PODS_ROOT}/Manifest.lock\" > /dev/null\nif [ $? != 0 ] ; then\n    # print error to STDERR\n    echo \"error: The sandbox is not in sync with the Podfile.lock. Run 'pod install' or update your CocoaPods installation.\" >&2\n    exit 1\nfi\n# This output is used by Xcode 'outputs' to avoid re-running this script phase.\necho \"SUCCESS\" > \"${SCRIPT_OUTPUT_FILE_0}\"\n";
			showEnvVarsInLog = 0;
		};
		F93F30D841A77C7676B020BF /* [CP] Check Pods Manifest.lock */ = {
			isa = PBXShellScriptBuildPhase;
			buildActionMask = 2147483647;
			files = (
			);
			inputFileListPaths = (
			);
			inputPaths = (
				"${PODS_PODFILE_DIR_PATH}/Podfile.lock",
				"${PODS_ROOT}/Manifest.lock",
			);
			name = "[CP] Check Pods Manifest.lock";
			outputFileListPaths = (
			);
			outputPaths = (
				"$(DERIVED_FILE_DIR)/Pods-PursuitGram-checkManifestLockResult.txt",
			);
			runOnlyForDeploymentPostprocessing = 0;
			shellPath = /bin/sh;
			shellScript = "diff \"${PODS_PODFILE_DIR_PATH}/Podfile.lock\" \"${PODS_ROOT}/Manifest.lock\" > /dev/null\nif [ $? != 0 ] ; then\n    # print error to STDERR\n    echo \"error: The sandbox is not in sync with the Podfile.lock. Run 'pod install' or update your CocoaPods installation.\" >&2\n    exit 1\nfi\n# This output is used by Xcode 'outputs' to avoid re-running this script phase.\necho \"SUCCESS\" > \"${SCRIPT_OUTPUT_FILE_0}\"\n";
			showEnvVarsInLog = 0;
		};
/* End PBXShellScriptBuildPhase section */

/* Begin PBXSourcesBuildPhase section */
		CB365B62238D6463002EDA77 /* Sources */ = {
			isa = PBXSourcesBuildPhase;
			buildActionMask = 2147483647;
			files = (
				CBD6B0A82394C240002F85CD /* ImageDVC.swift in Sources */,
				CBB80520238F0E1B000B3AA3 /* AllPostsViewController.swift in Sources */,
				CBB2957C238F097800949C32 /* AppUser.swift in Sources */,
				CB9BEE702392D52A0044D04A /* AppError.swift in Sources */,
				CBF9267C23930F2700B77629 /* UIImageViewExtension.swift in Sources */,
				CB365B6E238D6463002EDA77 /* LoginViewController.swift in Sources */,
				CBB80526238F0FB9000B3AA3 /* CreatePostVC.swift in Sources */,
				CB365B6A238D6463002EDA77 /* AppDelegate.swift in Sources */,
				CB365B6C238D6463002EDA77 /* SceneDelegate.swift in Sources */,
				CB365B74238D6463002EDA77 /* PursuitGram.xcdatamodeld in Sources */,
				CBB29580238F0A7400949C32 /* Extensions.swift in Sources */,
				CBB80524238F0E87000B3AA3 /* PostCell.swift in Sources */,
				CBF926822393299700B77629 /* EditUserVC.swift in Sources */,
				CBB29579238F094100949C32 /* FirebaseService.swift in Sources */,
				CBB80522238F0E28000B3AA3 /* UserProfileViewController.swift in Sources */,
				CBB29582238F0ABD00949C32 /* CellIdentifier.swift in Sources */,
				CBF2548F238F14E700E989A7 /* PursuitGramTabBarVC.swift in Sources */,
				CBB29577238F092600949C32 /* FirebaseAuthService.swift in Sources */,
				CBB2957E238F09A600949C32 /* Posts.swift in Sources */,
				CBB29574238F081300949C32 /* SignUpViewController.swift in Sources */,
				CBF9267E239310BD00B77629 /* FirebaseStorageSerivce.swift in Sources */,
				CB9BEE6E2392D50B0044D04A /* ImageHelper.swift in Sources */,
				CBF926802393221200B77629 /* UserCell.swift in Sources */,
			);
			runOnlyForDeploymentPostprocessing = 0;
		};
		CB365B7B238D6465002EDA77 /* Sources */ = {
			isa = PBXSourcesBuildPhase;
			buildActionMask = 2147483647;
			files = (
				CB365B84238D6465002EDA77 /* PursuitGramTests.swift in Sources */,
			);
			runOnlyForDeploymentPostprocessing = 0;
		};
		CB365B86238D6465002EDA77 /* Sources */ = {
			isa = PBXSourcesBuildPhase;
			buildActionMask = 2147483647;
			files = (
				CB365B8F238D6465002EDA77 /* PursuitGramUITests.swift in Sources */,
			);
			runOnlyForDeploymentPostprocessing = 0;
		};
/* End PBXSourcesBuildPhase section */

/* Begin PBXTargetDependency section */
		CB365B81238D6465002EDA77 /* PBXTargetDependency */ = {
			isa = PBXTargetDependency;
			target = CB365B65238D6463002EDA77 /* PursuitGram */;
			targetProxy = CB365B80238D6465002EDA77 /* PBXContainerItemProxy */;
		};
		CB365B8C238D6465002EDA77 /* PBXTargetDependency */ = {
			isa = PBXTargetDependency;
			target = CB365B65238D6463002EDA77 /* PursuitGram */;
			targetProxy = CB365B8B238D6465002EDA77 /* PBXContainerItemProxy */;
		};
/* End PBXTargetDependency section */

/* Begin PBXVariantGroup section */
		CB365B6F238D6463002EDA77 /* Main.storyboard */ = {
			isa = PBXVariantGroup;
			children = (
				CB365B70238D6463002EDA77 /* Base */,
			);
			name = Main.storyboard;
			sourceTree = "<group>";
		};
		CB365B77238D6464002EDA77 /* LaunchScreen.storyboard */ = {
			isa = PBXVariantGroup;
			children = (
				CB365B78238D6464002EDA77 /* Base */,
			);
			name = LaunchScreen.storyboard;
			sourceTree = "<group>";
		};
/* End PBXVariantGroup section */

/* Begin XCBuildConfiguration section */
		CB365B91238D6465002EDA77 /* Debug */ = {
			isa = XCBuildConfiguration;
			buildSettings = {
				ALWAYS_SEARCH_USER_PATHS = NO;
				CLANG_ANALYZER_NONNULL = YES;
				CLANG_ANALYZER_NUMBER_OBJECT_CONVERSION = YES_AGGRESSIVE;
				CLANG_CXX_LANGUAGE_STANDARD = "gnu++14";
				CLANG_CXX_LIBRARY = "libc++";
				CLANG_ENABLE_MODULES = YES;
				CLANG_ENABLE_OBJC_ARC = YES;
				CLANG_ENABLE_OBJC_WEAK = YES;
				CLANG_WARN_BLOCK_CAPTURE_AUTORELEASING = YES;
				CLANG_WARN_BOOL_CONVERSION = YES;
				CLANG_WARN_COMMA = YES;
				CLANG_WARN_CONSTANT_CONVERSION = YES;
				CLANG_WARN_DEPRECATED_OBJC_IMPLEMENTATIONS = YES;
				CLANG_WARN_DIRECT_OBJC_ISA_USAGE = YES_ERROR;
				CLANG_WARN_DOCUMENTATION_COMMENTS = YES;
				CLANG_WARN_EMPTY_BODY = YES;
				CLANG_WARN_ENUM_CONVERSION = YES;
				CLANG_WARN_INFINITE_RECURSION = YES;
				CLANG_WARN_INT_CONVERSION = YES;
				CLANG_WARN_NON_LITERAL_NULL_CONVERSION = YES;
				CLANG_WARN_OBJC_IMPLICIT_RETAIN_SELF = YES;
				CLANG_WARN_OBJC_LITERAL_CONVERSION = YES;
				CLANG_WARN_OBJC_ROOT_CLASS = YES_ERROR;
				CLANG_WARN_RANGE_LOOP_ANALYSIS = YES;
				CLANG_WARN_STRICT_PROTOTYPES = YES;
				CLANG_WARN_SUSPICIOUS_MOVE = YES;
				CLANG_WARN_UNGUARDED_AVAILABILITY = YES_AGGRESSIVE;
				CLANG_WARN_UNREACHABLE_CODE = YES;
				CLANG_WARN__DUPLICATE_METHOD_MATCH = YES;
				COPY_PHASE_STRIP = NO;
				DEBUG_INFORMATION_FORMAT = dwarf;
				ENABLE_STRICT_OBJC_MSGSEND = YES;
				ENABLE_TESTABILITY = YES;
				GCC_C_LANGUAGE_STANDARD = gnu11;
				GCC_DYNAMIC_NO_PIC = NO;
				GCC_NO_COMMON_BLOCKS = YES;
				GCC_OPTIMIZATION_LEVEL = 0;
				GCC_PREPROCESSOR_DEFINITIONS = (
					"DEBUG=1",
					"$(inherited)",
				);
				GCC_WARN_64_TO_32_BIT_CONVERSION = YES;
				GCC_WARN_ABOUT_RETURN_TYPE = YES_ERROR;
				GCC_WARN_UNDECLARED_SELECTOR = YES;
				GCC_WARN_UNINITIALIZED_AUTOS = YES_AGGRESSIVE;
				GCC_WARN_UNUSED_FUNCTION = YES;
				GCC_WARN_UNUSED_VARIABLE = YES;
				IPHONEOS_DEPLOYMENT_TARGET = 13.1;
				MTL_ENABLE_DEBUG_INFO = INCLUDE_SOURCE;
				MTL_FAST_MATH = YES;
				ONLY_ACTIVE_ARCH = YES;
				SDKROOT = iphoneos;
				SWIFT_ACTIVE_COMPILATION_CONDITIONS = DEBUG;
				SWIFT_OPTIMIZATION_LEVEL = "-Onone";
			};
			name = Debug;
		};
		CB365B92238D6465002EDA77 /* Release */ = {
			isa = XCBuildConfiguration;
			buildSettings = {
				ALWAYS_SEARCH_USER_PATHS = NO;
				CLANG_ANALYZER_NONNULL = YES;
				CLANG_ANALYZER_NUMBER_OBJECT_CONVERSION = YES_AGGRESSIVE;
				CLANG_CXX_LANGUAGE_STANDARD = "gnu++14";
				CLANG_CXX_LIBRARY = "libc++";
				CLANG_ENABLE_MODULES = YES;
				CLANG_ENABLE_OBJC_ARC = YES;
				CLANG_ENABLE_OBJC_WEAK = YES;
				CLANG_WARN_BLOCK_CAPTURE_AUTORELEASING = YES;
				CLANG_WARN_BOOL_CONVERSION = YES;
				CLANG_WARN_COMMA = YES;
				CLANG_WARN_CONSTANT_CONVERSION = YES;
				CLANG_WARN_DEPRECATED_OBJC_IMPLEMENTATIONS = YES;
				CLANG_WARN_DIRECT_OBJC_ISA_USAGE = YES_ERROR;
				CLANG_WARN_DOCUMENTATION_COMMENTS = YES;
				CLANG_WARN_EMPTY_BODY = YES;
				CLANG_WARN_ENUM_CONVERSION = YES;
				CLANG_WARN_INFINITE_RECURSION = YES;
				CLANG_WARN_INT_CONVERSION = YES;
				CLANG_WARN_NON_LITERAL_NULL_CONVERSION = YES;
				CLANG_WARN_OBJC_IMPLICIT_RETAIN_SELF = YES;
				CLANG_WARN_OBJC_LITERAL_CONVERSION = YES;
				CLANG_WARN_OBJC_ROOT_CLASS = YES_ERROR;
				CLANG_WARN_RANGE_LOOP_ANALYSIS = YES;
				CLANG_WARN_STRICT_PROTOTYPES = YES;
				CLANG_WARN_SUSPICIOUS_MOVE = YES;
				CLANG_WARN_UNGUARDED_AVAILABILITY = YES_AGGRESSIVE;
				CLANG_WARN_UNREACHABLE_CODE = YES;
				CLANG_WARN__DUPLICATE_METHOD_MATCH = YES;
				COPY_PHASE_STRIP = NO;
				DEBUG_INFORMATION_FORMAT = "dwarf-with-dsym";
				ENABLE_NS_ASSERTIONS = NO;
				ENABLE_STRICT_OBJC_MSGSEND = YES;
				GCC_C_LANGUAGE_STANDARD = gnu11;
				GCC_NO_COMMON_BLOCKS = YES;
				GCC_WARN_64_TO_32_BIT_CONVERSION = YES;
				GCC_WARN_ABOUT_RETURN_TYPE = YES_ERROR;
				GCC_WARN_UNDECLARED_SELECTOR = YES;
				GCC_WARN_UNINITIALIZED_AUTOS = YES_AGGRESSIVE;
				GCC_WARN_UNUSED_FUNCTION = YES;
				GCC_WARN_UNUSED_VARIABLE = YES;
				IPHONEOS_DEPLOYMENT_TARGET = 13.1;
				MTL_ENABLE_DEBUG_INFO = NO;
				MTL_FAST_MATH = YES;
				SDKROOT = iphoneos;
				SWIFT_COMPILATION_MODE = wholemodule;
				SWIFT_OPTIMIZATION_LEVEL = "-O";
				VALIDATE_PRODUCT = YES;
			};
			name = Release;
		};
		CB365B94238D6465002EDA77 /* Debug */ = {
			isa = XCBuildConfiguration;
			baseConfigurationReference = 572226DB0DF0F3880A155E67 /* Pods-PursuitGram.debug.xcconfig */;
			buildSettings = {
				ASSETCATALOG_COMPILER_APPICON_NAME = AppIcon;
				CODE_SIGN_STYLE = Automatic;
				INFOPLIST_FILE = PursuitGram/Info.plist;
				LD_RUNPATH_SEARCH_PATHS = (
					"$(inherited)",
					"@executable_path/Frameworks",
				);
				PRODUCT_BUNDLE_IDENTIFIER = "The-Best-Programmer-Ever.PursuitGram";
				PRODUCT_NAME = "$(TARGET_NAME)";
				SWIFT_VERSION = 5.0;
				TARGETED_DEVICE_FAMILY = "1,2";
			};
			name = Debug;
		};
		CB365B95238D6465002EDA77 /* Release */ = {
			isa = XCBuildConfiguration;
			baseConfigurationReference = EE16F206F842C96B84704779 /* Pods-PursuitGram.release.xcconfig */;
			buildSettings = {
				ASSETCATALOG_COMPILER_APPICON_NAME = AppIcon;
				CODE_SIGN_STYLE = Automatic;
				INFOPLIST_FILE = PursuitGram/Info.plist;
				LD_RUNPATH_SEARCH_PATHS = (
					"$(inherited)",
					"@executable_path/Frameworks",
				);
				PRODUCT_BUNDLE_IDENTIFIER = "The-Best-Programmer-Ever.PursuitGram";
				PRODUCT_NAME = "$(TARGET_NAME)";
				SWIFT_VERSION = 5.0;
				TARGETED_DEVICE_FAMILY = "1,2";
			};
			name = Release;
		};
		CB365B97238D6465002EDA77 /* Debug */ = {
			isa = XCBuildConfiguration;
			baseConfigurationReference = 9B0CE30ABC1F36209F0412C6 /* Pods-PursuitGramTests.debug.xcconfig */;
			buildSettings = {
				ALWAYS_EMBED_SWIFT_STANDARD_LIBRARIES = YES;
				BUNDLE_LOADER = "$(TEST_HOST)";
				CODE_SIGN_STYLE = Automatic;
				INFOPLIST_FILE = PursuitGramTests/Info.plist;
				IPHONEOS_DEPLOYMENT_TARGET = 13.1;
				LD_RUNPATH_SEARCH_PATHS = (
					"$(inherited)",
					"@executable_path/Frameworks",
					"@loader_path/Frameworks",
				);
				PRODUCT_BUNDLE_IDENTIFIER = "The-Best-Programmer-Ever.PursuitGramTests";
				PRODUCT_NAME = "$(TARGET_NAME)";
				SWIFT_VERSION = 5.0;
				TARGETED_DEVICE_FAMILY = "1,2";
				TEST_HOST = "$(BUILT_PRODUCTS_DIR)/PursuitGram.app/PursuitGram";
			};
			name = Debug;
		};
		CB365B98238D6465002EDA77 /* Release */ = {
			isa = XCBuildConfiguration;
			baseConfigurationReference = D6B8E3794EA0C4F0AA4E3A77 /* Pods-PursuitGramTests.release.xcconfig */;
			buildSettings = {
				ALWAYS_EMBED_SWIFT_STANDARD_LIBRARIES = YES;
				BUNDLE_LOADER = "$(TEST_HOST)";
				CODE_SIGN_STYLE = Automatic;
				INFOPLIST_FILE = PursuitGramTests/Info.plist;
				IPHONEOS_DEPLOYMENT_TARGET = 13.1;
				LD_RUNPATH_SEARCH_PATHS = (
					"$(inherited)",
					"@executable_path/Frameworks",
					"@loader_path/Frameworks",
				);
				PRODUCT_BUNDLE_IDENTIFIER = "The-Best-Programmer-Ever.PursuitGramTests";
				PRODUCT_NAME = "$(TARGET_NAME)";
				SWIFT_VERSION = 5.0;
				TARGETED_DEVICE_FAMILY = "1,2";
				TEST_HOST = "$(BUILT_PRODUCTS_DIR)/PursuitGram.app/PursuitGram";
			};
			name = Release;
		};
		CB365B9A238D6465002EDA77 /* Debug */ = {
			isa = XCBuildConfiguration;
			baseConfigurationReference = 2DB51D4FAEFDDC182F1118E5 /* Pods-PursuitGram-PursuitGramUITests.debug.xcconfig */;
			buildSettings = {
				ALWAYS_EMBED_SWIFT_STANDARD_LIBRARIES = YES;
				CODE_SIGN_STYLE = Automatic;
				INFOPLIST_FILE = PursuitGramUITests/Info.plist;
				LD_RUNPATH_SEARCH_PATHS = (
					"$(inherited)",
					"@executable_path/Frameworks",
					"@loader_path/Frameworks",
				);
				PRODUCT_BUNDLE_IDENTIFIER = "The-Best-Programmer-Ever.PursuitGramUITests";
				PRODUCT_NAME = "$(TARGET_NAME)";
				SWIFT_VERSION = 5.0;
				TARGETED_DEVICE_FAMILY = "1,2";
				TEST_TARGET_NAME = PursuitGram;
			};
			name = Debug;
		};
		CB365B9B238D6465002EDA77 /* Release */ = {
			isa = XCBuildConfiguration;
			baseConfigurationReference = 8620490E686625FF43B4AAD4 /* Pods-PursuitGram-PursuitGramUITests.release.xcconfig */;
			buildSettings = {
				ALWAYS_EMBED_SWIFT_STANDARD_LIBRARIES = YES;
				CODE_SIGN_STYLE = Automatic;
				INFOPLIST_FILE = PursuitGramUITests/Info.plist;
				LD_RUNPATH_SEARCH_PATHS = (
					"$(inherited)",
					"@executable_path/Frameworks",
					"@loader_path/Frameworks",
				);
				PRODUCT_BUNDLE_IDENTIFIER = "The-Best-Programmer-Ever.PursuitGramUITests";
				PRODUCT_NAME = "$(TARGET_NAME)";
				SWIFT_VERSION = 5.0;
				TARGETED_DEVICE_FAMILY = "1,2";
				TEST_TARGET_NAME = PursuitGram;
			};
			name = Release;
		};
/* End XCBuildConfiguration section */

/* Begin XCConfigurationList section */
		CB365B61238D6463002EDA77 /* Build configuration list for PBXProject "PursuitGram" */ = {
			isa = XCConfigurationList;
			buildConfigurations = (
				CB365B91238D6465002EDA77 /* Debug */,
				CB365B92238D6465002EDA77 /* Release */,
			);
			defaultConfigurationIsVisible = 0;
			defaultConfigurationName = Release;
		};
		CB365B93238D6465002EDA77 /* Build configuration list for PBXNativeTarget "PursuitGram" */ = {
			isa = XCConfigurationList;
			buildConfigurations = (
				CB365B94238D6465002EDA77 /* Debug */,
				CB365B95238D6465002EDA77 /* Release */,
			);
			defaultConfigurationIsVisible = 0;
			defaultConfigurationName = Release;
		};
		CB365B96238D6465002EDA77 /* Build configuration list for PBXNativeTarget "PursuitGramTests" */ = {
			isa = XCConfigurationList;
			buildConfigurations = (
				CB365B97238D6465002EDA77 /* Debug */,
				CB365B98238D6465002EDA77 /* Release */,
			);
			defaultConfigurationIsVisible = 0;
			defaultConfigurationName = Release;
		};
		CB365B99238D6465002EDA77 /* Build configuration list for PBXNativeTarget "PursuitGramUITests" */ = {
			isa = XCConfigurationList;
			buildConfigurations = (
				CB365B9A238D6465002EDA77 /* Debug */,
				CB365B9B238D6465002EDA77 /* Release */,
			);
			defaultConfigurationIsVisible = 0;
			defaultConfigurationName = Release;
		};
/* End XCConfigurationList section */

/* Begin XCVersionGroup section */
		CB365B72238D6463002EDA77 /* PursuitGram.xcdatamodeld */ = {
			isa = XCVersionGroup;
			children = (
				CB365B73238D6463002EDA77 /* PursuitGram.xcdatamodel */,
			);
			currentVersion = CB365B73238D6463002EDA77 /* PursuitGram.xcdatamodel */;
			path = PursuitGram.xcdatamodeld;
			sourceTree = "<group>";
			versionGroupType = wrapper.xcdatamodel;
		};
/* End XCVersionGroup section */
	};
	rootObject = CB365B5E238D6463002EDA77 /* Project object */;
}
